// !$*UTF8*$!
{
	archiveVersion = 1;
	classes = {
	};
	objectVersion = 56;
	objects = {

/* Begin PBXBuildFile section */
		15A34AC52B24D6AC00573B80 /* PDF_AnnotationApp.swift in Sources */ = {isa = PBXBuildFile; fileRef = 15A34AC42B24D6AC00573B80 /* PDF_AnnotationApp.swift */; };
		15A34AC72B24D6AC00573B80 /* ContentView.swift in Sources */ = {isa = PBXBuildFile; fileRef = 15A34AC62B24D6AC00573B80 /* ContentView.swift */; };
		15A34AC92B24D6AE00573B80 /* Assets.xcassets in Resources */ = {isa = PBXBuildFile; fileRef = 15A34AC82B24D6AE00573B80 /* Assets.xcassets */; };
		15A34ACC2B24D6AE00573B80 /* Preview Assets.xcassets in Resources */ = {isa = PBXBuildFile; fileRef = 15A34ACB2B24D6AE00573B80 /* Preview Assets.xcassets */; };
		15A34AD62B24D6AE00573B80 /* PDF_AnnotationTests.swift in Sources */ = {isa = PBXBuildFile; fileRef = 15A34AD52B24D6AE00573B80 /* PDF_AnnotationTests.swift */; };
		15A34AE02B24D6AE00573B80 /* PDF_AnnotationUITests.swift in Sources */ = {isa = PBXBuildFile; fileRef = 15A34ADF2B24D6AE00573B80 /* PDF_AnnotationUITests.swift */; };
		15A34AE22B24D6AE00573B80 /* PDF_AnnotationUITestsLaunchTests.swift in Sources */ = {isa = PBXBuildFile; fileRef = 15A34AE12B24D6AE00573B80 /* PDF_AnnotationUITestsLaunchTests.swift */; };
/* End PBXBuildFile section */

/* Begin PBXContainerItemProxy section */
		15A34AD22B24D6AE00573B80 /* PBXContainerItemProxy */ = {
			isa = PBXContainerItemProxy;
			containerPortal = 15A34AB92B24D6AC00573B80 /* Project object */;
			proxyType = 1;
			remoteGlobalIDString = 15A34AC02B24D6AC00573B80;
			remoteInfo = "PDF-Annotation";
		};
		15A34ADC2B24D6AE00573B80 /* PBXContainerItemProxy */ = {
			isa = PBXContainerItemProxy;
			containerPortal = 15A34AB92B24D6AC00573B80 /* Project object */;
			proxyType = 1;
			remoteGlobalIDString = 15A34AC02B24D6AC00573B80;
			remoteInfo = "PDF-Annotation";
		};
/* End PBXContainerItemProxy section */

/* Begin PBXFileReference section */
		15A34AC12B24D6AC00573B80 /* PDF-Annotation.app */ = {isa = PBXFileReference; explicitFileType = wrapper.application; includeInIndex = 0; path = "PDF-Annotation.app"; sourceTree = BUILT_PRODUCTS_DIR; };
		15A34AC42B24D6AC00573B80 /* PDF_AnnotationApp.swift */ = {isa = PBXFileReference; lastKnownFileType = sourcecode.swift; path = PDF_AnnotationApp.swift; sourceTree = "<group>"; };
		15A34AC62B24D6AC00573B80 /* ContentView.swift */ = {isa = PBXFileReference; lastKnownFileType = sourcecode.swift; path = ContentView.swift; sourceTree = "<group>"; };
		15A34AC82B24D6AE00573B80 /* Assets.xcassets */ = {isa = PBXFileReference; lastKnownFileType = folder.assetcatalog; path = Assets.xcassets; sourceTree = "<group>"; };
		15A34ACB2B24D6AE00573B80 /* Preview Assets.xcassets */ = {isa = PBXFileReference; lastKnownFileType = folder.assetcatalog; path = "Preview Assets.xcassets"; sourceTree = "<group>"; };
		15A34AD12B24D6AE00573B80 /* PDF-AnnotationTests.xctest */ = {isa = PBXFileReference; explicitFileType = wrapper.cfbundle; includeInIndex = 0; path = "PDF-AnnotationTests.xctest"; sourceTree = BUILT_PRODUCTS_DIR; };
		15A34AD52B24D6AE00573B80 /* PDF_AnnotationTests.swift */ = {isa = PBXFileReference; lastKnownFileType = sourcecode.swift; path = PDF_AnnotationTests.swift; sourceTree = "<group>"; };
		15A34ADB2B24D6AE00573B80 /* PDF-AnnotationUITests.xctest */ = {isa = PBXFileReference; explicitFileType = wrapper.cfbundle; includeInIndex = 0; path = "PDF-AnnotationUITests.xctest"; sourceTree = BUILT_PRODUCTS_DIR; };
		15A34ADF2B24D6AE00573B80 /* PDF_AnnotationUITests.swift */ = {isa = PBXFileReference; lastKnownFileType = sourcecode.swift; path = PDF_AnnotationUITests.swift; sourceTree = "<group>"; };
		15A34AE12B24D6AE00573B80 /* PDF_AnnotationUITestsLaunchTests.swift */ = {isa = PBXFileReference; lastKnownFileType = sourcecode.swift; path = PDF_AnnotationUITestsLaunchTests.swift; sourceTree = "<group>"; };
/* End PBXFileReference section */

/* Begin PBXFrameworksBuildPhase section */
		15A34ABE2B24D6AC00573B80 /* Frameworks */ = {
			isa = PBXFrameworksBuildPhase;
			buildActionMask = 2147483647;
			files = (
			);
			runOnlyForDeploymentPostprocessing = 0;
		};
		15A34ACE2B24D6AE00573B80 /* Frameworks */ = {
			isa = PBXFrameworksBuildPhase;
			buildActionMask = 2147483647;
			files = (
			);
			runOnlyForDeploymentPostprocessing = 0;
		};
		15A34AD82B24D6AE00573B80 /* Frameworks */ = {
			isa = PBXFrameworksBuildPhase;
			buildActionMask = 2147483647;
			files = (
			);
			runOnlyForDeploymentPostprocessing = 0;
		};
/* End PBXFrameworksBuildPhase section */

/* Begin PBXGroup section */
		15A34AB82B24D6AC00573B80 = {
			isa = PBXGroup;
			children = (
				15A34AC32B24D6AC00573B80 /* PDF-Annotation */,
				15A34AD42B24D6AE00573B80 /* PDF-AnnotationTests */,
				15A34ADE2B24D6AE00573B80 /* PDF-AnnotationUITests */,
				15A34AC22B24D6AC00573B80 /* Products */,
			);
			sourceTree = "<group>";
		};
		15A34AC22B24D6AC00573B80 /* Products */ = {
			isa = PBXGroup;
			children = (
				15A34AC12B24D6AC00573B80 /* PDF-Annotation.app */,
				15A34AD12B24D6AE00573B80 /* PDF-AnnotationTests.xctest */,
				15A34ADB2B24D6AE00573B80 /* PDF-AnnotationUITests.xctest */,
			);
			name = Products;
			sourceTree = "<group>";
		};
		15A34AC32B24D6AC00573B80 /* PDF-Annotation */ = {
			isa = PBXGroup;
			children = (
				15A34AC42B24D6AC00573B80 /* PDF_AnnotationApp.swift */,
				15A34AC62B24D6AC00573B80 /* ContentView.swift */,
				15A34AC82B24D6AE00573B80 /* Assets.xcassets */,
				15A34ACA2B24D6AE00573B80 /* Preview Content */,
			);
			path = "PDF-Annotation";
			sourceTree = "<group>";
		};
		15A34ACA2B24D6AE00573B80 /* Preview Content */ = {
			isa = PBXGroup;
			children = (
				15A34ACB2B24D6AE00573B80 /* Preview Assets.xcassets */,
			);
			path = "Preview Content";
			sourceTree = "<group>";
		};
		15A34AD42B24D6AE00573B80 /* PDF-AnnotationTests */ = {
			isa = PBXGroup;
			children = (
				15A34AD52B24D6AE00573B80 /* PDF_AnnotationTests.swift */,
			);
			path = "PDF-AnnotationTests";
			sourceTree = "<group>";
		};
		15A34ADE2B24D6AE00573B80 /* PDF-AnnotationUITests */ = {
			isa = PBXGroup;
			children = (
				15A34ADF2B24D6AE00573B80 /* PDF_AnnotationUITests.swift */,
				15A34AE12B24D6AE00573B80 /* PDF_AnnotationUITestsLaunchTests.swift */,
			);
			path = "PDF-AnnotationUITests";
			sourceTree = "<group>";
		};
/* End PBXGroup section */

/* Begin PBXNativeTarget section */
		15A34AC02B24D6AC00573B80 /* PDF-Annotation */ = {
			isa = PBXNativeTarget;
			buildConfigurationList = 15A34AE52B24D6AE00573B80 /* Build configuration list for PBXNativeTarget "PDF-Annotation" */;
			buildPhases = (
				15A34ABD2B24D6AC00573B80 /* Sources */,
				15A34ABE2B24D6AC00573B80 /* Frameworks */,
				15A34ABF2B24D6AC00573B80 /* Resources */,
			);
			buildRules = (
			);
			dependencies = (
			);
			name = "PDF-Annotation";
			productName = "PDF-Annotation";
			productReference = 15A34AC12B24D6AC00573B80 /* PDF-Annotation.app */;
			productType = "com.apple.product-type.application";
		};
		15A34AD02B24D6AE00573B80 /* PDF-AnnotationTests */ = {
			isa = PBXNativeTarget;
			buildConfigurationList = 15A34AE82B24D6AE00573B80 /* Build configuration list for PBXNativeTarget "PDF-AnnotationTests" */;
			buildPhases = (
				15A34ACD2B24D6AE00573B80 /* Sources */,
				15A34ACE2B24D6AE00573B80 /* Frameworks */,
				15A34ACF2B24D6AE00573B80 /* Resources */,
			);
			buildRules = (
			);
			dependencies = (
				15A34AD32B24D6AE00573B80 /* PBXTargetDependency */,
			);
			name = "PDF-AnnotationTests";
			productName = "PDF-AnnotationTests";
			productReference = 15A34AD12B24D6AE00573B80 /* PDF-AnnotationTests.xctest */;
			productType = "com.apple.product-type.bundle.unit-test";
		};
		15A34ADA2B24D6AE00573B80 /* PDF-AnnotationUITests */ = {
			isa = PBXNativeTarget;
			buildConfigurationList = 15A34AEB2B24D6AE00573B80 /* Build configuration list for PBXNativeTarget "PDF-AnnotationUITests" */;
			buildPhases = (
				15A34AD72B24D6AE00573B80 /* Sources */,
				15A34AD82B24D6AE00573B80 /* Frameworks */,
				15A34AD92B24D6AE00573B80 /* Resources */,
			);
			buildRules = (
			);
			dependencies = (
				15A34ADD2B24D6AE00573B80 /* PBXTargetDependency */,
			);
			name = "PDF-AnnotationUITests";
			productName = "PDF-AnnotationUITests";
			productReference = 15A34ADB2B24D6AE00573B80 /* PDF-AnnotationUITests.xctest */;
			productType = "com.apple.product-type.bundle.ui-testing";
		};
/* End PBXNativeTarget section */

/* Begin PBXProject section */
		15A34AB92B24D6AC00573B80 /* Project object */ = {
			isa = PBXProject;
			attributes = {
				BuildIndependentTargetsInParallel = 1;
				LastSwiftUpdateCheck = 1500;
				LastUpgradeCheck = 1500;
				TargetAttributes = {
					15A34AC02B24D6AC00573B80 = {
						CreatedOnToolsVersion = 15.0.1;
					};
					15A34AD02B24D6AE00573B80 = {
						CreatedOnToolsVersion = 15.0.1;
						TestTargetID = 15A34AC02B24D6AC00573B80;
					};
					15A34ADA2B24D6AE00573B80 = {
						CreatedOnToolsVersion = 15.0.1;
						TestTargetID = 15A34AC02B24D6AC00573B80;
					};
				};
			};
			buildConfigurationList = 15A34ABC2B24D6AC00573B80 /* Build configuration list for PBXProject "PDF-Annotation" */;
			compatibilityVersion = "Xcode 14.0";
			developmentRegion = en;
			hasScannedForEncodings = 0;
			knownRegions = (
				en,
				Base,
			);
			mainGroup = 15A34AB82B24D6AC00573B80;
			productRefGroup = 15A34AC22B24D6AC00573B80 /* Products */;
			projectDirPath = "";
			projectRoot = "";
			targets = (
				15A34AC02B24D6AC00573B80 /* PDF-Annotation */,
				15A34AD02B24D6AE00573B80 /* PDF-AnnotationTests */,
				15A34ADA2B24D6AE00573B80 /* PDF-AnnotationUITests */,
			);
		};
/* End PBXProject section */

/* Begin PBXResourcesBuildPhase section */
		15A34ABF2B24D6AC00573B80 /* Resources */ = {
			isa = PBXResourcesBuildPhase;
			buildActionMask = 2147483647;
			files = (
				15A34ACC2B24D6AE00573B80 /* Preview Assets.xcassets in Resources */,
				15A34AC92B24D6AE00573B80 /* Assets.xcassets in Resources */,
			);
			runOnlyForDeploymentPostprocessing = 0;
		};
		15A34ACF2B24D6AE00573B80 /* Resources */ = {
			isa = PBXResourcesBuildPhase;
			buildActionMask = 2147483647;
			files = (
			);
			runOnlyForDeploymentPostprocessing = 0;
		};
		15A34AD92B24D6AE00573B80 /* Resources */ = {
			isa = PBXResourcesBuildPhase;
			buildActionMask = 2147483647;
			files = (
			);
			runOnlyForDeploymentPostprocessing = 0;
		};
/* End PBXResourcesBuildPhase section */

/* Begin PBXSourcesBuildPhase section */
		15A34ABD2B24D6AC00573B80 /* Sources */ = {
			isa = PBXSourcesBuildPhase;
			buildActionMask = 2147483647;
			files = (
				15A34AC72B24D6AC00573B80 /* ContentView.swift in Sources */,
				15A34AC52B24D6AC00573B80 /* PDF_AnnotationApp.swift in Sources */,
			);
			runOnlyForDeploymentPostprocessing = 0;
		};
		15A34ACD2B24D6AE00573B80 /* Sources */ = {
			isa = PBXSourcesBuildPhase;
			buildActionMask = 2147483647;
			files = (
				15A34AD62B24D6AE00573B80 /* PDF_AnnotationTests.swift in Sources */,
			);
			runOnlyForDeploymentPostprocessing = 0;
		};
		15A34AD72B24D6AE00573B80 /* Sources */ = {
			isa = PBXSourcesBuildPhase;
			buildActionMask = 2147483647;
			files = (
				15A34AE22B24D6AE00573B80 /* PDF_AnnotationUITestsLaunchTests.swift in Sources */,
				15A34AE02B24D6AE00573B80 /* PDF_AnnotationUITests.swift in Sources */,
			);
			runOnlyForDeploymentPostprocessing = 0;
		};
/* End PBXSourcesBuildPhase section */

/* Begin PBXTargetDependency section */
		15A34AD32B24D6AE00573B80 /* PBXTargetDependency */ = {
			isa = PBXTargetDependency;
			target = 15A34AC02B24D6AC00573B80 /* PDF-Annotation */;
			targetProxy = 15A34AD22B24D6AE00573B80 /* PBXContainerItemProxy */;
		};
		15A34ADD2B24D6AE00573B80 /* PBXTargetDependency */ = {
			isa = PBXTargetDependency;
			target = 15A34AC02B24D6AC00573B80 /* PDF-Annotation */;
			targetProxy = 15A34ADC2B24D6AE00573B80 /* PBXContainerItemProxy */;
		};
/* End PBXTargetDependency section */

/* Begin XCBuildConfiguration section */
		15A34AE32B24D6AE00573B80 /* Debug */ = {
			isa = XCBuildConfiguration;
			buildSettings = {
				ALWAYS_SEARCH_USER_PATHS = NO;
				ASSETCATALOG_COMPILER_GENERATE_SWIFT_ASSET_SYMBOL_EXTENSIONS = YES;
				CLANG_ANALYZER_NONNULL = YES;
				CLANG_ANALYZER_NUMBER_OBJECT_CONVERSION = YES_AGGRESSIVE;
				CLANG_CXX_LANGUAGE_STANDARD = "gnu++20";
				CLANG_ENABLE_MODULES = YES;
				CLANG_ENABLE_OBJC_ARC = YES;
				CLANG_ENABLE_OBJC_WEAK = YES;
				CLANG_WARN_BLOCK_CAPTURE_AUTORELEASING = YES;
				CLANG_WARN_BOOL_CONVERSION = YES;
				CLANG_WARN_COMMA = YES;
				CLANG_WARN_CONSTANT_CONVERSION = YES;
				CLANG_WARN_DEPRECATED_OBJC_IMPLEMENTATIONS = YES;
				CLANG_WARN_DIRECT_OBJC_ISA_USAGE = YES_ERROR;
				CLANG_WARN_DOCUMENTATION_COMMENTS = YES;
				CLANG_WARN_EMPTY_BODY = YES;
				CLANG_WARN_ENUM_CONVERSION = YES;
				CLANG_WARN_INFINITE_RECURSION = YES;
				CLANG_WARN_INT_CONVERSION = YES;
				CLANG_WARN_NON_LITERAL_NULL_CONVERSION = YES;
				CLANG_WARN_OBJC_IMPLICIT_RETAIN_SELF = YES;
				CLANG_WARN_OBJC_LITERAL_CONVERSION = YES;
				CLANG_WARN_OBJC_ROOT_CLASS = YES_ERROR;
				CLANG_WARN_QUOTED_INCLUDE_IN_FRAMEWORK_HEADER = YES;
				CLANG_WARN_RANGE_LOOP_ANALYSIS = YES;
				CLANG_WARN_STRICT_PROTOTYPES = YES;
				CLANG_WARN_SUSPICIOUS_MOVE = YES;
				CLANG_WARN_UNGUARDED_AVAILABILITY = YES_AGGRESSIVE;
				CLANG_WARN_UNREACHABLE_CODE = YES;
				CLANG_WARN__DUPLICATE_METHOD_MATCH = YES;
				COPY_PHASE_STRIP = NO;
				DEBUG_INFORMATION_FORMAT = dwarf;
				ENABLE_STRICT_OBJC_MSGSEND = YES;
				ENABLE_TESTABILITY = YES;
				ENABLE_USER_SCRIPT_SANDBOXING = YES;
				GCC_C_LANGUAGE_STANDARD = gnu17;
				GCC_DYNAMIC_NO_PIC = NO;
				GCC_NO_COMMON_BLOCKS = YES;
				GCC_OPTIMIZATION_LEVEL = 0;
				GCC_PREPROCESSOR_DEFINITIONS = (
					"DEBUG=1",
					"$(inherited)",
				);
				GCC_WARN_64_TO_32_BIT_CONVERSION = YES;
				GCC_WARN_ABOUT_RETURN_TYPE = YES_ERROR;
				GCC_WARN_UNDECLARED_SELECTOR = YES;
				GCC_WARN_UNINITIALIZED_AUTOS = YES_AGGRESSIVE;
				GCC_WARN_UNUSED_FUNCTION = YES;
				GCC_WARN_UNUSED_VARIABLE = YES;
				IPHONEOS_DEPLOYMENT_TARGET = 17.0;
				LOCALIZATION_PREFERS_STRING_CATALOGS = YES;
				MTL_ENABLE_DEBUG_INFO = INCLUDE_SOURCE;
				MTL_FAST_MATH = YES;
				ONLY_ACTIVE_ARCH = YES;
				SDKROOT = iphoneos;
				SWIFT_ACTIVE_COMPILATION_CONDITIONS = "DEBUG $(inherited)";
				SWIFT_OPTIMIZATION_LEVEL = "-Onone";
			};
			name = Debug;
		};
		15A34AE42B24D6AE00573B80 /* Release */ = {
			isa = XCBuildConfiguration;
			buildSettings = {
				ALWAYS_SEARCH_USER_PATHS = NO;
				ASSETCATALOG_COMPILER_GENERATE_SWIFT_ASSET_SYMBOL_EXTENSIONS = YES;
				CLANG_ANALYZER_NONNULL = YES;
				CLANG_ANALYZER_NUMBER_OBJECT_CONVERSION = YES_AGGRESSIVE;
				CLANG_CXX_LANGUAGE_STANDARD = "gnu++20";
				CLANG_ENABLE_MODULES = YES;
				CLANG_ENABLE_OBJC_ARC = YES;
				CLANG_ENABLE_OBJC_WEAK = YES;
				CLANG_WARN_BLOCK_CAPTURE_AUTORELEASING = YES;
				CLANG_WARN_BOOL_CONVERSION = YES;
				CLANG_WARN_COMMA = YES;
				CLANG_WARN_CONSTANT_CONVERSION = YES;
				CLANG_WARN_DEPRECATED_OBJC_IMPLEMENTATIONS = YES;
				CLANG_WARN_DIRECT_OBJC_ISA_USAGE = YES_ERROR;
				CLANG_WARN_DOCUMENTATION_COMMENTS = YES;
				CLANG_WARN_EMPTY_BODY = YES;
				CLANG_WARN_ENUM_CONVERSION = YES;
				CLANG_WARN_INFINITE_RECURSION = YES;
				CLANG_WARN_INT_CONVERSION = YES;
				CLANG_WARN_NON_LITERAL_NULL_CONVERSION = YES;
				CLANG_WARN_OBJC_IMPLICIT_RETAIN_SELF = YES;
				CLANG_WARN_OBJC_LITERAL_CONVERSION = YES;
				CLANG_WARN_OBJC_ROOT_CLASS = YES_ERROR;
				CLANG_WARN_QUOTED_INCLUDE_IN_FRAMEWORK_HEADER = YES;
				CLANG_WARN_RANGE_LOOP_ANALYSIS = YES;
				CLANG_WARN_STRICT_PROTOTYPES = YES;
				CLANG_WARN_SUSPICIOUS_MOVE = YES;
				CLANG_WARN_UNGUARDED_AVAILABILITY = YES_AGGRESSIVE;
				CLANG_WARN_UNREACHABLE_CODE = YES;
				CLANG_WARN__DUPLICATE_METHOD_MATCH = YES;
				COPY_PHASE_STRIP = NO;
				DEBUG_INFORMATION_FORMAT = "dwarf-with-dsym";
				ENABLE_NS_ASSERTIONS = NO;
				ENABLE_STRICT_OBJC_MSGSEND = YES;
				ENABLE_USER_SCRIPT_SANDBOXING = YES;
				GCC_C_LANGUAGE_STANDARD = gnu17;
				GCC_NO_COMMON_BLOCKS = YES;
				GCC_WARN_64_TO_32_BIT_CONVERSION = YES;
				GCC_WARN_ABOUT_RETURN_TYPE = YES_ERROR;
				GCC_WARN_UNDECLARED_SELECTOR = YES;
				GCC_WARN_UNINITIALIZED_AUTOS = YES_AGGRESSIVE;
				GCC_WARN_UNUSED_FUNCTION = YES;
				GCC_WARN_UNUSED_VARIABLE = YES;
				IPHONEOS_DEPLOYMENT_TARGET = 17.0;
				LOCALIZATION_PREFERS_STRING_CATALOGS = YES;
				MTL_ENABLE_DEBUG_INFO = NO;
				MTL_FAST_MATH = YES;
				SDKROOT = iphoneos;
				SWIFT_COMPILATION_MODE = wholemodule;
				VALIDATE_PRODUCT = YES;
			};
			name = Release;
		};
		15A34AE62B24D6AE00573B80 /* Debug */ = {
			isa = XCBuildConfiguration;
			buildSettings = {
				ASSETCATALOG_COMPILER_APPICON_NAME = AppIcon;
				ASSETCATALOG_COMPILER_GLOBAL_ACCENT_COLOR_NAME = AccentColor;
				CODE_SIGN_STYLE = Automatic;
				CURRENT_PROJECT_VERSION = 1;
				DEVELOPMENT_ASSET_PATHS = "\"PDF-Annotation/Preview Content\"";
				DEVELOPMENT_TEAM = RS8V4X97DS;
				ENABLE_PREVIEWS = YES;
				GENERATE_INFOPLIST_FILE = YES;
				INFOPLIST_KEY_UIApplicationSceneManifest_Generation = YES;
				INFOPLIST_KEY_UIApplicationSupportsIndirectInputEvents = YES;
				INFOPLIST_KEY_UILaunchScreen_Generation = YES;
				INFOPLIST_KEY_UISupportedInterfaceOrientations_iPad = "UIInterfaceOrientationPortrait UIInterfaceOrientationPortraitUpsideDown UIInterfaceOrientationLandscapeLeft UIInterfaceOrientationLandscapeRight";
				INFOPLIST_KEY_UISupportedInterfaceOrientations_iPhone = "UIInterfaceOrientationPortrait UIInterfaceOrientationLandscapeLeft UIInterfaceOrientationLandscapeRight";
				LD_RUNPATH_SEARCH_PATHS = (
					"$(inherited)",
					"@executable_path/Frameworks",
				);
				MARKETING_VERSION = 1.0;
				PRODUCT_BUNDLE_IDENTIFIER = "com.khieng.PDF-Annotation";
				PRODUCT_NAME = "$(TARGET_NAME)";
				SWIFT_EMIT_LOC_STRINGS = YES;
				SWIFT_VERSION = 5.0;
				TARGETED_DEVICE_FAMILY = "1,2";
			};
			name = Debug;
		};
		15A34AE72B24D6AE00573B80 /* Release */ = {
			isa = XCBuildConfiguration;
			buildSettings = {
				ASSETCATALOG_COMPILER_APPICON_NAME = AppIcon;
				ASSETCATALOG_COMPILER_GLOBAL_ACCENT_COLOR_NAME = AccentColor;
				CODE_SIGN_STYLE = Automatic;
				CURRENT_PROJECT_VERSION = 1;
				DEVELOPMENT_ASSET_PATHS = "\"PDF-Annotation/Preview Content\"";
				DEVELOPMENT_TEAM = RS8V4X97DS;
				ENABLE_PREVIEWS = YES;
				GENERATE_INFOPLIST_FILE = YES;
				INFOPLIST_KEY_UIApplicationSceneManifest_Generation = YES;
				INFOPLIST_KEY_UIApplicationSupportsIndirectInputEvents = YES;
				INFOPLIST_KEY_UILaunchScreen_Generation = YES;
				INFOPLIST_KEY_UISupportedInterfaceOrientations_iPad = "UIInterfaceOrientationPortrait UIInterfaceOrientationPortraitUpsideDown UIInterfaceOrientationLandscapeLeft UIInterfaceOrientationLandscapeRight";
				INFOPLIST_KEY_UISupportedInterfaceOrientations_iPhone = "UIInterfaceOrientationPortrait UIInterfaceOrientationLandscapeLeft UIInterfaceOrientationLandscapeRight";
				LD_RUNPATH_SEARCH_PATHS = (
					"$(inherited)",
					"@executable_path/Frameworks",
				);
				MARKETING_VERSION = 1.0;
				PRODUCT_BUNDLE_IDENTIFIER = "com.khieng.PDF-Annotation";
				PRODUCT_NAME = "$(TARGET_NAME)";
				SWIFT_EMIT_LOC_STRINGS = YES;
				SWIFT_VERSION = 5.0;
				TARGETED_DEVICE_FAMILY = "1,2";
			};
			name = Release;
		};
		15A34AE92B24D6AE00573B80 /* Debug */ = {
			isa = XCBuildConfiguration;
			buildSettings = {
				ALWAYS_EMBED_SWIFT_STANDARD_LIBRARIES = YES;
				BUNDLE_LOADER = "$(TEST_HOST)";
				CODE_SIGN_STYLE = Automatic;
				CURRENT_PROJECT_VERSION = 1;
				DEVELOPMENT_TEAM = RS8V4X97DS;
				GENERATE_INFOPLIST_FILE = YES;
				IPHONEOS_DEPLOYMENT_TARGET = 17.0;
				MARKETING_VERSION = 1.0;
				PRODUCT_BUNDLE_IDENTIFIER = "com.khieng.PDF-AnnotationTests";
				PRODUCT_NAME = "$(TARGET_NAME)";
				SWIFT_EMIT_LOC_STRINGS = NO;
				SWIFT_VERSION = 5.0;
				TARGETED_DEVICE_FAMILY = "1,2";
				TEST_HOST = "$(BUILT_PRODUCTS_DIR)/PDF-Annotation.app/$(BUNDLE_EXECUTABLE_FOLDER_PATH)/PDF-Annotation";
			};
			name = Debug;
		};
		15A34AEA2B24D6AE00573B80 /* Release */ = {
			isa = XCBuildConfiguration;
			buildSettings = {
				ALWAYS_EMBED_SWIFT_STANDARD_LIBRARIES = YES;
				BUNDLE_LOADER = "$(TEST_HOST)";
				CODE_SIGN_STYLE = Automatic;
				CURRENT_PROJECT_VERSION = 1;
				DEVELOPMENT_TEAM = RS8V4X97DS;
				GENERATE_INFOPLIST_FILE = YES;
				IPHONEOS_DEPLOYMENT_TARGET = 17.0;
				MARKETING_VERSION = 1.0;
				PRODUCT_BUNDLE_IDENTIFIER = "com.khieng.PDF-AnnotationTests";
				PRODUCT_NAME = "$(TARGET_NAME)";
				SWIFT_EMIT_LOC_STRINGS = NO;
				SWIFT_VERSION = 5.0;
				TARGETED_DEVICE_FAMILY = "1,2";
				TEST_HOST = "$(BUILT_PRODUCTS_DIR)/PDF-Annotation.app/$(BUNDLE_EXECUTABLE_FOLDER_PATH)/PDF-Annotation";
			};
			name = Release;
		};
		15A34AEC2B24D6AE00573B80 /* Debug */ = {
			isa = XCBuildConfiguration;
			buildSettings = {
				ALWAYS_EMBED_SWIFT_STANDARD_LIBRARIES = YES;
				CODE_SIGN_STYLE = Automatic;
				CURRENT_PROJECT_VERSION = 1;
				DEVELOPMENT_TEAM = RS8V4X97DS;
				GENERATE_INFOPLIST_FILE = YES;
				MARKETING_VERSION = 1.0;
				PRODUCT_BUNDLE_IDENTIFIER = "com.khieng.PDF-AnnotationUITests";
				PRODUCT_NAME = "$(TARGET_NAME)";
				SWIFT_EMIT_LOC_STRINGS = NO;
				SWIFT_VERSION = 5.0;
				TARGETED_DEVICE_FAMILY = "1,2";
				TEST_TARGET_NAME = "PDF-Annotation";
			};
			name = Debug;
		};
		15A34AED2B24D6AE00573B80 /* Release */ = {
			isa = XCBuildConfiguration;
			buildSettings = {
				ALWAYS_EMBED_SWIFT_STANDARD_LIBRARIES = YES;
				CODE_SIGN_STYLE = Automatic;
				CURRENT_PROJECT_VERSION = 1;
				DEVELOPMENT_TEAM = RS8V4X97DS;
				GENERATE_INFOPLIST_FILE = YES;
				MARKETING_VERSION = 1.0;
				PRODUCT_BUNDLE_IDENTIFIER = "com.khieng.PDF-AnnotationUITests";
				PRODUCT_NAME = "$(TARGET_NAME)";
				SWIFT_EMIT_LOC_STRINGS = NO;
				SWIFT_VERSION = 5.0;
				TARGETED_DEVICE_FAMILY = "1,2";
				TEST_TARGET_NAME = "PDF-Annotation";
			};
			name = Release;
		};
/* End XCBuildConfiguration section */

/* Begin XCConfigurationList section */
		15A34ABC2B24D6AC00573B80 /* Build configuration list for PBXProject "PDF-Annotation" */ = {
			isa = XCConfigurationList;
			buildConfigurations = (
				15A34AE32B24D6AE00573B80 /* Debug */,
				15A34AE42B24D6AE00573B80 /* Release */,
			);
			defaultConfigurationIsVisible = 0;
			defaultConfigurationName = Release;
		};
		15A34AE52B24D6AE00573B80 /* Build configuration list for PBXNativeTarget "PDF-Annotation" */ = {
			isa = XCConfigurationList;
			buildConfigurations = (
				15A34AE62B24D6AE00573B80 /* Debug */,
				15A34AE72B24D6AE00573B80 /* Release */,
			);
			defaultConfigurationIsVisible = 0;
			defaultConfigurationName = Release;
		};
		15A34AE82B24D6AE00573B80 /* Build configuration list for PBXNativeTarget "PDF-AnnotationTests" */ = {
			isa = XCConfigurationList;
			buildConfigurations = (
				15A34AE92B24D6AE00573B80 /* Debug */,
				15A34AEA2B24D6AE00573B80 /* Release */,
			);
			defaultConfigurationIsVisible = 0;
			defaultConfigurationName = Release;
		};
		15A34AEB2B24D6AE00573B80 /* Build configuration list for PBXNativeTarget "PDF-AnnotationUITests" */ = {
			isa = XCConfigurationList;
			buildConfigurations = (
				15A34AEC2B24D6AE00573B80 /* Debug */,
				15A34AED2B24D6AE00573B80 /* Release */,
			);
			defaultConfigurationIsVisible = 0;
			defaultConfigurationName = Release;
		};
/* End XCConfigurationList section */
	};
	rootObject = 15A34AB92B24D6AC00573B80 /* Project object */;
}
